github.com/appellative-ai/core v0.0.0-20250724190012-a25511dc9947 h1:hH58aaYHawhTl/JruiBM63iYLeYf3DhFb9TY49guUXg=
github.com/appellative-ai/core v0.0.0-20250724190012-a25511dc9947/go.mod h1:a8kfuZMJHcdtdksSK+aYw2Mp6lT+i25oQEB+UCqwyhs=
github.com/appellative-ai/core v0.0.0-20250801122513-cde9b4375acf h1:t1C7PLgwVPmiMMMWCJxcLbQhSCevWLa+5TnljjRO814=
github.com/appellative-ai/core v0.0.0-20250801122513-cde9b4375acf/go.mod h1:a8kfuZMJHcdtdksSK+aYw2Mp6lT+i25oQEB+UCqwyhs=
github.com/google/uuid v1.6.0 h1:NIvaJDMOsjHA8n1jAhLSgzrAzy1Hgr+hNrb57e+94F0=
github.com/google/uuid v1.6.0/go.mod h1:TIyPZe4MgqvfeYDBFedMoGGpEw/LqOeaOT+nhxU+yHo=
