github.com/behavioral-ai/core v0.0.0-20250319121607-3721c57aad8e h1:WQj01GJVFRUZDr6bwXLXtcbjFf1U/QrVqRITyTZ2IaM=
github.com/behavioral-ai/core v0.0.0-20250319121607-3721c57aad8e/go.mod h1:sqpbaRPtMXUb4j6CbCuwWvQrD6pUKJm5oZEKPDynlPE=
github.com/behavioral-ai/core v0.0.0-20250319152803-b9329988445e h1:7D+wKsfqxKIp4RWtCa35u8DSgX0PYain9zEttL1iqUc=
github.com/behavioral-ai/core v0.0.0-20250319152803-b9329988445e/go.mod h1:sqpbaRPtMXUb4j6CbCuwWvQrD6pUKJm5oZEKPDynlPE=
github.com/behavioral-ai/core v0.0.0-20250319161339-4be0cacba215 h1:Cb7T4OXmxpGDPuOzm9zE7AwTXez643gWWO+7EgwEA8A=
github.com/behavioral-ai/core v0.0.0-20250319161339-4be0cacba215/go.mod h1:sqpbaRPtMXUb4j6CbCuwWvQrD6pUKJm5oZEKPDynlPE=
github.com/behavioral-ai/core v0.0.0-20250321140003-6c1bfcfb48df h1:2lOMWGDHDdqJOdLau+cWDmwjrFxiLjecenjuXN1tIKE=
github.com/behavioral-ai/core v0.0.0-20250321140003-6c1bfcfb48df/go.mod h1:sqpbaRPtMXUb4j6CbCuwWvQrD6pUKJm5oZEKPDynlPE=
github.com/behavioral-ai/core v0.0.0-20250321143545-9458a91bda83 h1:XFb2fnVs0ESc0Rp3KnXsFaiTQzquqf57TZNomWyGy2c=
github.com/behavioral-ai/core v0.0.0-20250321143545-9458a91bda83/go.mod h1:sqpbaRPtMXUb4j6CbCuwWvQrD6pUKJm5oZEKPDynlPE=
github.com/behavioral-ai/core v0.0.0-20250321202833-07f0e22cda05 h1:1hx5rB0ByxndVdGg94/bV0GoSU7Xu7LNA093i/1WFVk=
github.com/behavioral-ai/core v0.0.0-20250321202833-07f0e22cda05/go.mod h1:sqpbaRPtMXUb4j6CbCuwWvQrD6pUKJm5oZEKPDynlPE=
github.com/behavioral-ai/core v0.0.0-20250324141653-7923fa2b17b6 h1:5FV80JMuhw3/04/kmgVIP4ixO/WmlBCFDUjPw65knos=
github.com/behavioral-ai/core v0.0.0-20250324141653-7923fa2b17b6/go.mod h1:sqpbaRPtMXUb4j6CbCuwWvQrD6pUKJm5oZEKPDynlPE=
github.com/behavioral-ai/core v0.0.0-20250324172738-980750a838e1 h1:Vo5/s6lsEdVXpco8DicMJn+VVYN8nerghFz5JvQanmo=
github.com/behavioral-ai/core v0.0.0-20250324172738-980750a838e1/go.mod h1:sqpbaRPtMXUb4j6CbCuwWvQrD6pUKJm5oZEKPDynlPE=
github.com/behavioral-ai/core v0.0.0-20250405123750-99f25c3659fb h1:2ofiyg3Opdpg1YWLP6IaSNx4vLX3UdHXwCSXk2WuuE8=
github.com/behavioral-ai/core v0.0.0-20250405123750-99f25c3659fb/go.mod h1:sqpbaRPtMXUb4j6CbCuwWvQrD6pUKJm5oZEKPDynlPE=
github.com/behavioral-ai/core v0.0.0-20250406140313-6a859c942e1f h1:JTFclu/TKTipAWk0eG7h5yFP8Bspz4gYokSCwxyk+zI=
github.com/behavioral-ai/core v0.0.0-20250406140313-6a859c942e1f/go.mod h1:sqpbaRPtMXUb4j6CbCuwWvQrD6pUKJm5oZEKPDynlPE=
github.com/behavioral-ai/core v0.0.0-20250407200305-2723998cf606 h1:dUl2LPT0VJkZJxVEDb16/EhxenVKgZQMMMgIbLTHtyo=
github.com/behavioral-ai/core v0.0.0-20250407200305-2723998cf606/go.mod h1:sqpbaRPtMXUb4j6CbCuwWvQrD6pUKJm5oZEKPDynlPE=
github.com/behavioral-ai/core v0.0.0-20250408121953-d851041026e4 h1:Tqn8P5Myr/ac+A62618GlhozlI/AfS6xitkqnfrwKm8=
github.com/behavioral-ai/core v0.0.0-20250408121953-d851041026e4/go.mod h1:sqpbaRPtMXUb4j6CbCuwWvQrD6pUKJm5oZEKPDynlPE=
github.com/behavioral-ai/core v0.0.0-20250408132236-6043e3d6aef8 h1:q97gp9Akcs3l1ZucXdY6d78ir2c8WWQUSQmt6hJOLRI=
github.com/behavioral-ai/core v0.0.0-20250408132236-6043e3d6aef8/go.mod h1:sqpbaRPtMXUb4j6CbCuwWvQrD6pUKJm5oZEKPDynlPE=
github.com/google/uuid v1.6.0 h1:NIvaJDMOsjHA8n1jAhLSgzrAzy1Hgr+hNrb57e+94F0=
github.com/google/uuid v1.6.0/go.mod h1:TIyPZe4MgqvfeYDBFedMoGGpEw/LqOeaOT+nhxU+yHo=
